// !$*UTF8*$!
{
	archiveVersion = 1;
	classes = {
	};
	objectVersion = 46;
	objects = {

/* Begin PBXBuildFile section */
		8A3B89CB1E18D9150083E414 /* AppDelegate.swift in Sources */ = {isa = PBXBuildFile; fileRef = 8A3B89CA1E18D9150083E414 /* AppDelegate.swift */; };
		8A3B89CD1E18D9150083E414 /* ViewController.swift in Sources */ = {isa = PBXBuildFile; fileRef = 8A3B89CC1E18D9150083E414 /* ViewController.swift */; };
		8A3B89D01E18D9150083E414 /* Main.storyboard in Resources */ = {isa = PBXBuildFile; fileRef = 8A3B89CE1E18D9150083E414 /* Main.storyboard */; };
		8A3B89D21E18D9150083E414 /* Assets.xcassets in Resources */ = {isa = PBXBuildFile; fileRef = 8A3B89D11E18D9150083E414 /* Assets.xcassets */; };
		8A3B89D51E18D9150083E414 /* LaunchScreen.storyboard in Resources */ = {isa = PBXBuildFile; fileRef = 8A3B89D31E18D9150083E414 /* LaunchScreen.storyboard */; };
		8A3B89E01E18D9150083E414 /* NBNavigationControllerTests.swift in Sources */ = {isa = PBXBuildFile; fileRef = 8A3B89DF1E18D9150083E414 /* NBNavigationControllerTests.swift */; };
		8A3B89EB1E18D9150083E414 /* NBNavigationControllerUITests.swift in Sources */ = {isa = PBXBuildFile; fileRef = 8A3B89EA1E18D9150083E414 /* NBNavigationControllerUITests.swift */; };
/* End PBXBuildFile section */

/* Begin PBXContainerItemProxy section */
		8A3B89DC1E18D9150083E414 /* PBXContainerItemProxy */ = {
			isa = PBXContainerItemProxy;
			containerPortal = 8A3B89BF1E18D9150083E414 /* Project object */;
			proxyType = 1;
			remoteGlobalIDString = 8A3B89C61E18D9150083E414;
			remoteInfo = NBNavigationController;
		};
		8A3B89E71E18D9150083E414 /* PBXContainerItemProxy */ = {
			isa = PBXContainerItemProxy;
			containerPortal = 8A3B89BF1E18D9150083E414 /* Project object */;
			proxyType = 1;
			remoteGlobalIDString = 8A3B89C61E18D9150083E414;
			remoteInfo = NBNavigationController;
		};
/* End PBXContainerItemProxy section */

/* Begin PBXFileReference section */
		8A3B89C71E18D9150083E414 /* NBNavigationController.app */ = {isa = PBXFileReference; explicitFileType = wrapper.application; includeInIndex = 0; path = NBNavigationController.app; sourceTree = BUILT_PRODUCTS_DIR; };
		8A3B89CA1E18D9150083E414 /* AppDelegate.swift */ = {isa = PBXFileReference; lastKnownFileType = sourcecode.swift; path = AppDelegate.swift; sourceTree = "<group>"; };
		8A3B89CC1E18D9150083E414 /* ViewController.swift */ = {isa = PBXFileReference; lastKnownFileType = sourcecode.swift; path = ViewController.swift; sourceTree = "<group>"; };
		8A3B89CF1E18D9150083E414 /* Base */ = {isa = PBXFileReference; lastKnownFileType = file.storyboard; name = Base; path = Base.lproj/Main.storyboard; sourceTree = "<group>"; };
		8A3B89D11E18D9150083E414 /* Assets.xcassets */ = {isa = PBXFileReference; lastKnownFileType = folder.assetcatalog; path = Assets.xcassets; sourceTree = "<group>"; };
		8A3B89D41E18D9150083E414 /* Base */ = {isa = PBXFileReference; lastKnownFileType = file.storyboard; name = Base; path = Base.lproj/LaunchScreen.storyboard; sourceTree = "<group>"; };
		8A3B89D61E18D9150083E414 /* Info.plist */ = {isa = PBXFileReference; lastKnownFileType = text.plist.xml; path = Info.plist; sourceTree = "<group>"; };
		8A3B89DB1E18D9150083E414 /* NBNavigationControllerTests.xctest */ = {isa = PBXFileReference; explicitFileType = wrapper.cfbundle; includeInIndex = 0; path = NBNavigationControllerTests.xctest; sourceTree = BUILT_PRODUCTS_DIR; };
		8A3B89DF1E18D9150083E414 /* NBNavigationControllerTests.swift */ = {isa = PBXFileReference; lastKnownFileType = sourcecode.swift; path = NBNavigationControllerTests.swift; sourceTree = "<group>"; };
		8A3B89E11E18D9150083E414 /* Info.plist */ = {isa = PBXFileReference; lastKnownFileType = text.plist.xml; path = Info.plist; sourceTree = "<group>"; };
		8A3B89E61E18D9150083E414 /* NBNavigationControllerUITests.xctest */ = {isa = PBXFileReference; explicitFileType = wrapper.cfbundle; includeInIndex = 0; path = NBNavigationControllerUITests.xctest; sourceTree = BUILT_PRODUCTS_DIR; };
		8A3B89EA1E18D9150083E414 /* NBNavigationControllerUITests.swift */ = {isa = PBXFileReference; lastKnownFileType = sourcecode.swift; path = NBNavigationControllerUITests.swift; sourceTree = "<group>"; };
		8A3B89EC1E18D9150083E414 /* Info.plist */ = {isa = PBXFileReference; lastKnownFileType = text.plist.xml; path = Info.plist; sourceTree = "<group>"; };
/* End PBXFileReference section */

/* Begin PBXFrameworksBuildPhase section */
		8A3B89C41E18D9150083E414 /* Frameworks */ = {
			isa = PBXFrameworksBuildPhase;
			buildActionMask = 2147483647;
			files = (
			);
			runOnlyForDeploymentPostprocessing = 0;
		};
		8A3B89D81E18D9150083E414 /* Frameworks */ = {
			isa = PBXFrameworksBuildPhase;
			buildActionMask = 2147483647;
			files = (
			);
			runOnlyForDeploymentPostprocessing = 0;
		};
		8A3B89E31E18D9150083E414 /* Frameworks */ = {
			isa = PBXFrameworksBuildPhase;
			buildActionMask = 2147483647;
			files = (
			);
			runOnlyForDeploymentPostprocessing = 0;
		};
/* End PBXFrameworksBuildPhase section */

/* Begin PBXGroup section */
		8A3B89BE1E18D9150083E414 = {
			isa = PBXGroup;
			children = (
				8A3B89C91E18D9150083E414 /* NBNavigationController */,
				8A3B89DE1E18D9150083E414 /* NBNavigationControllerTests */,
				8A3B89E91E18D9150083E414 /* NBNavigationControllerUITests */,
				8A3B89C81E18D9150083E414 /* Products */,
			);
			sourceTree = "<group>";
		};
		8A3B89C81E18D9150083E414 /* Products */ = {
			isa = PBXGroup;
			children = (
				8A3B89C71E18D9150083E414 /* NBNavigationController.app */,
				8A3B89DB1E18D9150083E414 /* NBNavigationControllerTests.xctest */,
				8A3B89E61E18D9150083E414 /* NBNavigationControllerUITests.xctest */,
			);
			name = Products;
			sourceTree = "<group>";
		};
		8A3B89C91E18D9150083E414 /* NBNavigationController */ = {
			isa = PBXGroup;
			children = (
				8A3B89F81E18DA2D0083E414 /* Transitions */,
				8A3B89CA1E18D9150083E414 /* AppDelegate.swift */,
				8A3B89CC1E18D9150083E414 /* ViewController.swift */,
				8A3B89CE1E18D9150083E414 /* Main.storyboard */,
				8A3B89D11E18D9150083E414 /* Assets.xcassets */,
				8A3B89D31E18D9150083E414 /* LaunchScreen.storyboard */,
				8A3B89D61E18D9150083E414 /* Info.plist */,
			);
			path = NBNavigationController;
			sourceTree = "<group>";
		};
		8A3B89DE1E18D9150083E414 /* NBNavigationControllerTests */ = {
			isa = PBXGroup;
			children = (
				8A3B89DF1E18D9150083E414 /* NBNavigationControllerTests.swift */,
				8A3B89E11E18D9150083E414 /* Info.plist */,
			);
			path = NBNavigationControllerTests;
			sourceTree = "<group>";
		};
		8A3B89E91E18D9150083E414 /* NBNavigationControllerUITests */ = {
			isa = PBXGroup;
			children = (
				8A3B89EA1E18D9150083E414 /* NBNavigationControllerUITests.swift */,
				8A3B89EC1E18D9150083E414 /* Info.plist */,
			);
			path = NBNavigationControllerUITests;
			sourceTree = "<group>";
		};
		8A3B89F81E18DA2D0083E414 /* Transitions */ = {
			isa = PBXGroup;
			children = (
			);
			path = Transitions;
			sourceTree = "<group>";
		};
/* End PBXGroup section */

/* Begin PBXNativeTarget section */
		8A3B89C61E18D9150083E414 /* NBNavigationController */ = {
			isa = PBXNativeTarget;
			buildConfigurationList = 8A3B89EF1E18D9150083E414 /* Build configuration list for PBXNativeTarget "NBNavigationController" */;
			buildPhases = (
				8A3B89C31E18D9150083E414 /* Sources */,
				8A3B89C41E18D9150083E414 /* Frameworks */,
				8A3B89C51E18D9150083E414 /* Resources */,
			);
			buildRules = (
			);
			dependencies = (
			);
			name = NBNavigationController;
			productName = NBNavigationController;
			productReference = 8A3B89C71E18D9150083E414 /* NBNavigationController.app */;
			productType = "com.apple.product-type.application";
		};
		8A3B89DA1E18D9150083E414 /* NBNavigationControllerTests */ = {
			isa = PBXNativeTarget;
			buildConfigurationList = 8A3B89F21E18D9150083E414 /* Build configuration list for PBXNativeTarget "NBNavigationControllerTests" */;
			buildPhases = (
				8A3B89D71E18D9150083E414 /* Sources */,
				8A3B89D81E18D9150083E414 /* Frameworks */,
				8A3B89D91E18D9150083E414 /* Resources */,
			);
			buildRules = (
			);
			dependencies = (
				8A3B89DD1E18D9150083E414 /* PBXTargetDependency */,
			);
			name = NBNavigationControllerTests;
			productName = NBNavigationControllerTests;
			productReference = 8A3B89DB1E18D9150083E414 /* NBNavigationControllerTests.xctest */;
			productType = "com.apple.product-type.bundle.unit-test";
		};
		8A3B89E51E18D9150083E414 /* NBNavigationControllerUITests */ = {
			isa = PBXNativeTarget;
			buildConfigurationList = 8A3B89F51E18D9150083E414 /* Build configuration list for PBXNativeTarget "NBNavigationControllerUITests" */;
			buildPhases = (
				8A3B89E21E18D9150083E414 /* Sources */,
				8A3B89E31E18D9150083E414 /* Frameworks */,
				8A3B89E41E18D9150083E414 /* Resources */,
			);
			buildRules = (
			);
			dependencies = (
				8A3B89E81E18D9150083E414 /* PBXTargetDependency */,
			);
			name = NBNavigationControllerUITests;
			productName = NBNavigationControllerUITests;
			productReference = 8A3B89E61E18D9150083E414 /* NBNavigationControllerUITests.xctest */;
			productType = "com.apple.product-type.bundle.ui-testing";
		};
/* End PBXNativeTarget section */

/* Begin PBXProject section */
		8A3B89BF1E18D9150083E414 /* Project object */ = {
			isa = PBXProject;
			attributes = {
				LastSwiftUpdateCheck = 0810;
				LastUpgradeCheck = 0810;
				ORGANIZATIONNAME = Nishant.Bhasin;
				TargetAttributes = {
					8A3B89C61E18D9150083E414 = {
						CreatedOnToolsVersion = 8.1;
						ProvisioningStyle = Automatic;
					};
					8A3B89DA1E18D9150083E414 = {
						CreatedOnToolsVersion = 8.1;
						ProvisioningStyle = Automatic;
						TestTargetID = 8A3B89C61E18D9150083E414;
					};
					8A3B89E51E18D9150083E414 = {
						CreatedOnToolsVersion = 8.1;
						ProvisioningStyle = Automatic;
						TestTargetID = 8A3B89C61E18D9150083E414;
					};
				};
			};
			buildConfigurationList = 8A3B89C21E18D9150083E414 /* Build configuration list for PBXProject "NBNavigationController" */;
			compatibilityVersion = "Xcode 3.2";
			developmentRegion = English;
			hasScannedForEncodings = 0;
			knownRegions = (
				en,
				Base,
			);
			mainGroup = 8A3B89BE1E18D9150083E414;
			productRefGroup = 8A3B89C81E18D9150083E414 /* Products */;
			projectDirPath = "";
			projectRoot = "";
			targets = (
				8A3B89C61E18D9150083E414 /* NBNavigationController */,
				8A3B89DA1E18D9150083E414 /* NBNavigationControllerTests */,
				8A3B89E51E18D9150083E414 /* NBNavigationControllerUITests */,
			);
		};
/* End PBXProject section */

/* Begin PBXResourcesBuildPhase section */
		8A3B89C51E18D9150083E414 /* Resources */ = {
			isa = PBXResourcesBuildPhase;
			buildActionMask = 2147483647;
			files = (
				8A3B89D51E18D9150083E414 /* LaunchScreen.storyboard in Resources */,
				8A3B89D21E18D9150083E414 /* Assets.xcassets in Resources */,
				8A3B89D01E18D9150083E414 /* Main.storyboard in Resources */,
			);
			runOnlyForDeploymentPostprocessing = 0;
		};
		8A3B89D91E18D9150083E414 /* Resources */ = {
			isa = PBXResourcesBuildPhase;
			buildActionMask = 2147483647;
			files = (
			);
			runOnlyForDeploymentPostprocessing = 0;
		};
		8A3B89E41E18D9150083E414 /* Resources */ = {
			isa = PBXResourcesBuildPhase;
			buildActionMask = 2147483647;
			files = (
			);
			runOnlyForDeploymentPostprocessing = 0;
		};
/* End PBXResourcesBuildPhase section */

/* Begin PBXSourcesBuildPhase section */
		8A3B89C31E18D9150083E414 /* Sources */ = {
			isa = PBXSourcesBuildPhase;
			buildActionMask = 2147483647;
			files = (
				8A3B89CD1E18D9150083E414 /* ViewController.swift in Sources */,
				8A3B89CB1E18D9150083E414 /* AppDelegate.swift in Sources */,
			);
			runOnlyForDeploymentPostprocessing = 0;
		};
		8A3B89D71E18D9150083E414 /* Sources */ = {
			isa = PBXSourcesBuildPhase;
			buildActionMask = 2147483647;
			files = (
				8A3B89E01E18D9150083E414 /* NBNavigationControllerTests.swift in Sources */,
			);
			runOnlyForDeploymentPostprocessing = 0;
		};
		8A3B89E21E18D9150083E414 /* Sources */ = {
			isa = PBXSourcesBuildPhase;
			buildActionMask = 2147483647;
			files = (
				8A3B89EB1E18D9150083E414 /* NBNavigationControllerUITests.swift in Sources */,
			);
			runOnlyForDeploymentPostprocessing = 0;
		};
/* End PBXSourcesBuildPhase section */

/* Begin PBXTargetDependency section */
		8A3B89DD1E18D9150083E414 /* PBXTargetDependency */ = {
			isa = PBXTargetDependency;
			target = 8A3B89C61E18D9150083E414 /* NBNavigationController */;
			targetProxy = 8A3B89DC1E18D9150083E414 /* PBXContainerItemProxy */;
		};
		8A3B89E81E18D9150083E414 /* PBXTargetDependency */ = {
			isa = PBXTargetDependency;
			target = 8A3B89C61E18D9150083E414 /* NBNavigationController */;
			targetProxy = 8A3B89E71E18D9150083E414 /* PBXContainerItemProxy */;
		};
/* End PBXTargetDependency section */

/* Begin PBXVariantGroup section */
		8A3B89CE1E18D9150083E414 /* Main.storyboard */ = {
			isa = PBXVariantGroup;
			children = (
				8A3B89CF1E18D9150083E414 /* Base */,
			);
			name = Main.storyboard;
			sourceTree = "<group>";
		};
		8A3B89D31E18D9150083E414 /* LaunchScreen.storyboard */ = {
			isa = PBXVariantGroup;
			children = (
				8A3B89D41E18D9150083E414 /* Base */,
			);
			name = LaunchScreen.storyboard;
			sourceTree = "<group>";
		};
/* End PBXVariantGroup section */

/* Begin XCBuildConfiguration section */
		8A3B89ED1E18D9150083E414 /* Debug */ = {
			isa = XCBuildConfiguration;
			buildSettings = {
				ALWAYS_SEARCH_USER_PATHS = NO;
				CLANG_ANALYZER_NONNULL = YES;
				CLANG_CXX_LANGUAGE_STANDARD = "gnu++0x";
				CLANG_CXX_LIBRARY = "libc++";
				CLANG_ENABLE_MODULES = YES;
				CLANG_ENABLE_OBJC_ARC = YES;
				CLANG_WARN_BOOL_CONVERSION = YES;
				CLANG_WARN_CONSTANT_CONVERSION = YES;
				CLANG_WARN_DIRECT_OBJC_ISA_USAGE = YES_ERROR;
				CLANG_WARN_DOCUMENTATION_COMMENTS = YES;
				CLANG_WARN_EMPTY_BODY = YES;
				CLANG_WARN_ENUM_CONVERSION = YES;
				CLANG_WARN_INFINITE_RECURSION = YES;
				CLANG_WARN_INT_CONVERSION = YES;
				CLANG_WARN_OBJC_ROOT_CLASS = YES_ERROR;
				CLANG_WARN_SUSPICIOUS_MOVES = YES;
				CLANG_WARN_UNREACHABLE_CODE = YES;
				CLANG_WARN__DUPLICATE_METHOD_MATCH = YES;
				"CODE_SIGN_IDENTITY[sdk=iphoneos*]" = "iPhone Developer";
				COPY_PHASE_STRIP = NO;
				DEBUG_INFORMATION_FORMAT = dwarf;
				ENABLE_STRICT_OBJC_MSGSEND = YES;
				ENABLE_TESTABILITY = YES;
				GCC_C_LANGUAGE_STANDARD = gnu99;
				GCC_DYNAMIC_NO_PIC = NO;
				GCC_NO_COMMON_BLOCKS = YES;
				GCC_OPTIMIZATION_LEVEL = 0;
				GCC_PREPROCESSOR_DEFINITIONS = (
					"DEBUG=1",
					"$(inherited)",
				);
				GCC_WARN_64_TO_32_BIT_CONVERSION = YES;
				GCC_WARN_ABOUT_RETURN_TYPE = YES_ERROR;
				GCC_WARN_UNDECLARED_SELECTOR = YES;
				GCC_WARN_UNINITIALIZED_AUTOS = YES_AGGRESSIVE;
				GCC_WARN_UNUSED_FUNCTION = YES;
				GCC_WARN_UNUSED_VARIABLE = YES;
				IPHONEOS_DEPLOYMENT_TARGET = 10.1;
				MTL_ENABLE_DEBUG_INFO = YES;
				ONLY_ACTIVE_ARCH = YES;
				SDKROOT = iphoneos;
				SWIFT_ACTIVE_COMPILATION_CONDITIONS = DEBUG;
				SWIFT_OPTIMIZATION_LEVEL = "-Onone";
				TARGETED_DEVICE_FAMILY = "1,2";
			};
			name = Debug;
		};
		8A3B89EE1E18D9150083E414 /* Release */ = {
			isa = XCBuildConfiguration;
			buildSettings = {
				ALWAYS_SEARCH_USER_PATHS = NO;
				CLANG_ANALYZER_NONNULL = YES;
				CLANG_CXX_LANGUAGE_STANDARD = "gnu++0x";
				CLANG_CXX_LIBRARY = "libc++";
				CLANG_ENABLE_MODULES = YES;
				CLANG_ENABLE_OBJC_ARC = YES;
				CLANG_WARN_BOOL_CONVERSION = YES;
				CLANG_WARN_CONSTANT_CONVERSION = YES;
				CLANG_WARN_DIRECT_OBJC_ISA_USAGE = YES_ERROR;
				CLANG_WARN_DOCUMENTATION_COMMENTS = YES;
				CLANG_WARN_EMPTY_BODY = YES;
				CLANG_WARN_ENUM_CONVERSION = YES;
				CLANG_WARN_INFINITE_RECURSION = YES;
				CLANG_WARN_INT_CONVERSION = YES;
				CLANG_WARN_OBJC_ROOT_CLASS = YES_ERROR;
				CLANG_WARN_SUSPICIOUS_MOVES = YES;
				CLANG_WARN_UNREACHABLE_CODE = YES;
				CLANG_WARN__DUPLICATE_METHOD_MATCH = YES;
				"CODE_SIGN_IDENTITY[sdk=iphoneos*]" = "iPhone Developer";
				COPY_PHASE_STRIP = NO;
				DEBUG_INFORMATION_FORMAT = "dwarf-with-dsym";
				ENABLE_NS_ASSERTIONS = NO;
				ENABLE_STRICT_OBJC_MSGSEND = YES;
				GCC_C_LANGUAGE_STANDARD = gnu99;
				GCC_NO_COMMON_BLOCKS = YES;
				GCC_WARN_64_TO_32_BIT_CONVERSION = YES;
				GCC_WARN_ABOUT_RETURN_TYPE = YES_ERROR;
				GCC_WARN_UNDECLARED_SELECTOR = YES;
				GCC_WARN_UNINITIALIZED_AUTOS = YES_AGGRESSIVE;
				GCC_WARN_UNUSED_FUNCTION = YES;
				GCC_WARN_UNUSED_VARIABLE = YES;
				IPHONEOS_DEPLOYMENT_TARGET = 10.1;
				MTL_ENABLE_DEBUG_INFO = NO;
				SDKROOT = iphoneos;
				SWIFT_OPTIMIZATION_LEVEL = "-Owholemodule";
				TARGETED_DEVICE_FAMILY = "1,2";
				VALIDATE_PRODUCT = YES;
			};
			name = Release;
		};
		8A3B89F01E18D9150083E414 /* Debug */ = {
			isa = XCBuildConfiguration;
			buildSettings = {
				ASSETCATALOG_COMPILER_APPICON_NAME = AppIcon;
				INFOPLIST_FILE = NBNavigationController/Info.plist;
				LD_RUNPATH_SEARCH_PATHS = "$(inherited) @executable_path/Frameworks";
				PRODUCT_BUNDLE_IDENTIFIER = nishant.bhasin.NBNavigationController;
				PRODUCT_NAME = "$(TARGET_NAME)";
				SWIFT_VERSION = 3.0;
			};
			name = Debug;
		};
		8A3B89F11E18D9150083E414 /* Release */ = {
			isa = XCBuildConfiguration;
			buildSettings = {
				ASSETCATALOG_COMPILER_APPICON_NAME = AppIcon;
				INFOPLIST_FILE = NBNavigationController/Info.plist;
				LD_RUNPATH_SEARCH_PATHS = "$(inherited) @executable_path/Frameworks";
				PRODUCT_BUNDLE_IDENTIFIER = nishant.bhasin.NBNavigationController;
				PRODUCT_NAME = "$(TARGET_NAME)";
				SWIFT_VERSION = 3.0;
			};
			name = Release;
		};
		8A3B89F31E18D9150083E414 /* Debug */ = {
			isa = XCBuildConfiguration;
			buildSettings = {
				ALWAYS_EMBED_SWIFT_STANDARD_LIBRARIES = YES;
				BUNDLE_LOADER = "$(TEST_HOST)";
				INFOPLIST_FILE = NBNavigationControllerTests/Info.plist;
				LD_RUNPATH_SEARCH_PATHS = "$(inherited) @executable_path/Frameworks @loader_path/Frameworks";
				PRODUCT_BUNDLE_IDENTIFIER = nishant.bhasin.NBNavigationControllerTests;
				PRODUCT_NAME = "$(TARGET_NAME)";
				SWIFT_VERSION = 3.0;
				TEST_HOST = "$(BUILT_PRODUCTS_DIR)/NBNavigationController.app/NBNavigationController";
			};
			name = Debug;
		};
		8A3B89F41E18D9150083E414 /* Release */ = {
			isa = XCBuildConfiguration;
			buildSettings = {
				ALWAYS_EMBED_SWIFT_STANDARD_LIBRARIES = YES;
				BUNDLE_LOADER = "$(TEST_HOST)";
				INFOPLIST_FILE = NBNavigationControllerTests/Info.plist;
				LD_RUNPATH_SEARCH_PATHS = "$(inherited) @executable_path/Frameworks @loader_path/Frameworks";
				PRODUCT_BUNDLE_IDENTIFIER = nishant.bhasin.NBNavigationControllerTests;
				PRODUCT_NAME = "$(TARGET_NAME)";
				SWIFT_VERSION = 3.0;
				TEST_HOST = "$(BUILT_PRODUCTS_DIR)/NBNavigationController.app/NBNavigationController";
			};
			name = Release;
		};
		8A3B89F61E18D9150083E414 /* Debug */ = {
			isa = XCBuildConfiguration;
			buildSettings = {
				ALWAYS_EMBED_SWIFT_STANDARD_LIBRARIES = YES;
				INFOPLIST_FILE = NBNavigationControllerUITests/Info.plist;
				LD_RUNPATH_SEARCH_PATHS = "$(inherited) @executable_path/Frameworks @loader_path/Frameworks";
				PRODUCT_BUNDLE_IDENTIFIER = nishant.bhasin.NBNavigationControllerUITests;
				PRODUCT_NAME = "$(TARGET_NAME)";
				SWIFT_VERSION = 3.0;
				TEST_TARGET_NAME = NBNavigationController;
			};
			name = Debug;
		};
		8A3B89F71E18D9150083E414 /* Release */ = {
			isa = XCBuildConfiguration;
			buildSettings = {
				ALWAYS_EMBED_SWIFT_STANDARD_LIBRARIES = YES;
				INFOPLIST_FILE = NBNavigationControllerUITests/Info.plist;
				LD_RUNPATH_SEARCH_PATHS = "$(inherited) @executable_path/Frameworks @loader_path/Frameworks";
				PRODUCT_BUNDLE_IDENTIFIER = nishant.bhasin.NBNavigationControllerUITests;
				PRODUCT_NAME = "$(TARGET_NAME)";
				SWIFT_VERSION = 3.0;
				TEST_TARGET_NAME = NBNavigationController;
			};
			name = Release;
		};
/* End XCBuildConfiguration section */

/* Begin XCConfigurationList section */
		8A3B89C21E18D9150083E414 /* Build configuration list for PBXProject "NBNavigationController" */ = {
			isa = XCConfigurationList;
			buildConfigurations = (
				8A3B89ED1E18D9150083E414 /* Debug */,
				8A3B89EE1E18D9150083E414 /* Release */,
			);
			defaultConfigurationIsVisible = 0;
			defaultConfigurationName = Release;
		};
		8A3B89EF1E18D9150083E414 /* Build configuration list for PBXNativeTarget "NBNavigationController" */ = {
			isa = XCConfigurationList;
			buildConfigurations = (
				8A3B89F01E18D9150083E414 /* Debug */,
				8A3B89F11E18D9150083E414 /* Release */,
			);
			defaultConfigurationIsVisible = 0;
		};
		8A3B89F21E18D9150083E414 /* Build configuration list for PBXNativeTarget "NBNavigationControllerTests" */ = {
			isa = XCConfigurationList;
			buildConfigurations = (
				8A3B89F31E18D9150083E414 /* Debug */,
				8A3B89F41E18D9150083E414 /* Release */,
			);
			defaultConfigurationIsVisible = 0;
		};
		8A3B89F51E18D9150083E414 /* Build configuration list for PBXNativeTarget "NBNavigationControllerUITests" */ = {
			isa = XCConfigurationList;
			buildConfigurations = (
				8A3B89F61E18D9150083E414 /* Debug */,
				8A3B89F71E18D9150083E414 /* Release */,
			);
			defaultConfigurationIsVisible = 0;
		};
/* End XCConfigurationList section */
	};
	rootObject = 8A3B89BF1E18D9150083E414 /* Project object */;
}
